
Microsoft Visual Studio Solution File, Format Version 12.00
Project("{FAE04EC0-301F-11D3-BF4B-00C04F79EFBC}") = "Literateca", "Literateca\Literateca.csproj", "{5C7BDAC5-A034-4F93-BF9B-C6166481A62B}"
EndProject
Global
	GlobalSection(SolutionConfigurationPlatforms) = preSolution
		Debug|Any CPU = Debug|Any CPU
		Release|Any CPU = Release|Any CPU
	EndGlobalSection
	GlobalSection(ProjectConfigurationPlatforms) = postSolution
		{5C7BDAC5-A034-4F93-BF9B-C6166481A62B}.Debug|Any CPU.ActiveCfg = Debug|Any CPU
		{5C7BDAC5-A034-4F93-BF9B-C6166481A62B}.Debug|Any CPU.Build.0 = Debug|Any CPU
		{5C7BDAC5-A034-4F93-BF9B-C6166481A62B}.Release|Any CPU.ActiveCfg = Release|Any CPU
		{5C7BDAC5-A034-4F93-BF9B-C6166481A62B}.Release|Any CPU.Build.0 = Release|Any CPU
	EndGlobalSection
EndGlobal
